// !$*UTF8*$!
{
	archiveVersion = 1;
	classes = {
	};
	objectVersion = 56;
	objects = {

/* Begin PBXBuildFile section */
		06F910F62C4B0AF000B74FC1 /* HotProspectsApp.swift in Sources */ = {isa = PBXBuildFile; fileRef = 06F910F52C4B0AF000B74FC1 /* HotProspectsApp.swift */; };
		06F910F82C4B0AF000B74FC1 /* ContentView.swift in Sources */ = {isa = PBXBuildFile; fileRef = 06F910F72C4B0AF000B74FC1 /* ContentView.swift */; };
		06F910FA2C4B0AF100B74FC1 /* Assets.xcassets in Resources */ = {isa = PBXBuildFile; fileRef = 06F910F92C4B0AF100B74FC1 /* Assets.xcassets */; };
		06F910FD2C4B0AF100B74FC1 /* Preview Assets.xcassets in Resources */ = {isa = PBXBuildFile; fileRef = 06F910FC2C4B0AF100B74FC1 /* Preview Assets.xcassets */; };
		06F911052C4B0C5700B74FC1 /* ListWithEditButton.swift in Sources */ = {isa = PBXBuildFile; fileRef = 06F911042C4B0C5700B74FC1 /* ListWithEditButton.swift */; };
		06F911072C4B0C9200B74FC1 /* TabViewExample.swift in Sources */ = {isa = PBXBuildFile; fileRef = 06F911062C4B0C9200B74FC1 /* TabViewExample.swift */; };
		06F911092C4B0E1700B74FC1 /* ResultTypeExample.swift in Sources */ = {isa = PBXBuildFile; fileRef = 06F911082C4B0E1700B74FC1 /* ResultTypeExample.swift */; };
		06F9110B2C4B103900B74FC1 /* ImageInterpolation.swift in Sources */ = {isa = PBXBuildFile; fileRef = 06F9110A2C4B103900B74FC1 /* ImageInterpolation.swift */; };
		06F9110D2C4B267B00B74FC1 /* ContextMenuExample.swift in Sources */ = {isa = PBXBuildFile; fileRef = 06F9110C2C4B267B00B74FC1 /* ContextMenuExample.swift */; };
		06F9110F2C4B27CF00B74FC1 /* SwipeAction.swift in Sources */ = {isa = PBXBuildFile; fileRef = 06F9110E2C4B27CF00B74FC1 /* SwipeAction.swift */; };
		06F911112C4B288C00B74FC1 /* UserNotifications.swift in Sources */ = {isa = PBXBuildFile; fileRef = 06F911102C4B288C00B74FC1 /* UserNotifications.swift */; };
/* End PBXBuildFile section */

/* Begin PBXFileReference section */
		06F910F22C4B0AF000B74FC1 /* HotProspects.app */ = {isa = PBXFileReference; explicitFileType = wrapper.application; includeInIndex = 0; path = HotProspects.app; sourceTree = BUILT_PRODUCTS_DIR; };
		06F910F52C4B0AF000B74FC1 /* HotProspectsApp.swift */ = {isa = PBXFileReference; lastKnownFileType = sourcecode.swift; path = HotProspectsApp.swift; sourceTree = "<group>"; };
		06F910F72C4B0AF000B74FC1 /* ContentView.swift */ = {isa = PBXFileReference; lastKnownFileType = sourcecode.swift; path = ContentView.swift; sourceTree = "<group>"; };
		06F910F92C4B0AF100B74FC1 /* Assets.xcassets */ = {isa = PBXFileReference; lastKnownFileType = folder.assetcatalog; path = Assets.xcassets; sourceTree = "<group>"; };
		06F910FC2C4B0AF100B74FC1 /* Preview Assets.xcassets */ = {isa = PBXFileReference; lastKnownFileType = folder.assetcatalog; path = "Preview Assets.xcassets"; sourceTree = "<group>"; };
		06F911042C4B0C5700B74FC1 /* ListWithEditButton.swift */ = {isa = PBXFileReference; lastKnownFileType = sourcecode.swift; path = ListWithEditButton.swift; sourceTree = "<group>"; };
		06F911062C4B0C9200B74FC1 /* TabViewExample.swift */ = {isa = PBXFileReference; lastKnownFileType = sourcecode.swift; path = TabViewExample.swift; sourceTree = "<group>"; };
		06F911082C4B0E1700B74FC1 /* ResultTypeExample.swift */ = {isa = PBXFileReference; lastKnownFileType = sourcecode.swift; path = ResultTypeExample.swift; sourceTree = "<group>"; };
		06F9110A2C4B103900B74FC1 /* ImageInterpolation.swift */ = {isa = PBXFileReference; lastKnownFileType = sourcecode.swift; path = ImageInterpolation.swift; sourceTree = "<group>"; };
		06F9110C2C4B267B00B74FC1 /* ContextMenuExample.swift */ = {isa = PBXFileReference; lastKnownFileType = sourcecode.swift; path = ContextMenuExample.swift; sourceTree = "<group>"; };
		06F9110E2C4B27CF00B74FC1 /* SwipeAction.swift */ = {isa = PBXFileReference; lastKnownFileType = sourcecode.swift; path = SwipeAction.swift; sourceTree = "<group>"; };
		06F911102C4B288C00B74FC1 /* UserNotifications.swift */ = {isa = PBXFileReference; lastKnownFileType = sourcecode.swift; path = UserNotifications.swift; sourceTree = "<group>"; };
/* End PBXFileReference section */

/* Begin PBXFrameworksBuildPhase section */
		06F910EF2C4B0AF000B74FC1 /* Frameworks */ = {
			isa = PBXFrameworksBuildPhase;
			buildActionMask = 2147483647;
			files = (
			);
			runOnlyForDeploymentPostprocessing = 0;
		};
/* End PBXFrameworksBuildPhase section */

/* Begin PBXGroup section */
		06F910E92C4B0AF000B74FC1 = {
			isa = PBXGroup;
			children = (
				06F910F42C4B0AF000B74FC1 /* HotProspects */,
				06F910F32C4B0AF000B74FC1 /* Products */,
			);
			sourceTree = "<group>";
		};
		06F910F32C4B0AF000B74FC1 /* Products */ = {
			isa = PBXGroup;
			children = (
				06F910F22C4B0AF000B74FC1 /* HotProspects.app */,
			);
			name = Products;
			sourceTree = "<group>";
		};
		06F910F42C4B0AF000B74FC1 /* HotProspects */ = {
			isa = PBXGroup;
			children = (
				06F911032C4B0C4900B74FC1 /* OtherStuffs */,
				06F910F52C4B0AF000B74FC1 /* HotProspectsApp.swift */,
				06F910F72C4B0AF000B74FC1 /* ContentView.swift */,
				06F910F92C4B0AF100B74FC1 /* Assets.xcassets */,
				06F910FB2C4B0AF100B74FC1 /* Preview Content */,
			);
			path = HotProspects;
			sourceTree = "<group>";
		};
		06F910FB2C4B0AF100B74FC1 /* Preview Content */ = {
			isa = PBXGroup;
			children = (
				06F910FC2C4B0AF100B74FC1 /* Preview Assets.xcassets */,
			);
			path = "Preview Content";
			sourceTree = "<group>";
		};
		06F911032C4B0C4900B74FC1 /* OtherStuffs */ = {
			isa = PBXGroup;
			children = (
				06F911042C4B0C5700B74FC1 /* ListWithEditButton.swift */,
				06F911062C4B0C9200B74FC1 /* TabViewExample.swift */,
				06F911082C4B0E1700B74FC1 /* ResultTypeExample.swift */,
				06F9110A2C4B103900B74FC1 /* ImageInterpolation.swift */,
				06F9110C2C4B267B00B74FC1 /* ContextMenuExample.swift */,
				06F9110E2C4B27CF00B74FC1 /* SwipeAction.swift */,
				06F911102C4B288C00B74FC1 /* UserNotifications.swift */,
			);
			path = OtherStuffs;
			sourceTree = "<group>";
		};
/* End PBXGroup section */

/* Begin PBXNativeTarget section */
		06F910F12C4B0AF000B74FC1 /* HotProspects */ = {
			isa = PBXNativeTarget;
			buildConfigurationList = 06F911002C4B0AF100B74FC1 /* Build configuration list for PBXNativeTarget "HotProspects" */;
			buildPhases = (
				06F910EE2C4B0AF000B74FC1 /* Sources */,
				06F910EF2C4B0AF000B74FC1 /* Frameworks */,
				06F910F02C4B0AF000B74FC1 /* Resources */,
			);
			buildRules = (
			);
			dependencies = (
			);
			name = HotProspects;
			productName = HotProspects;
			productReference = 06F910F22C4B0AF000B74FC1 /* HotProspects.app */;
			productType = "com.apple.product-type.application";
		};
/* End PBXNativeTarget section */

/* Begin PBXProject section */
		06F910EA2C4B0AF000B74FC1 /* Project object */ = {
			isa = PBXProject;
			attributes = {
				BuildIndependentTargetsInParallel = 1;
				LastSwiftUpdateCheck = 1540;
				LastUpgradeCheck = 1540;
				TargetAttributes = {
					06F910F12C4B0AF000B74FC1 = {
						CreatedOnToolsVersion = 15.4;
					};
				};
			};
			buildConfigurationList = 06F910ED2C4B0AF000B74FC1 /* Build configuration list for PBXProject "HotProspects" */;
			compatibilityVersion = "Xcode 14.0";
			developmentRegion = en;
			hasScannedForEncodings = 0;
			knownRegions = (
				en,
				Base,
			);
			mainGroup = 06F910E92C4B0AF000B74FC1;
			productRefGroup = 06F910F32C4B0AF000B74FC1 /* Products */;
			projectDirPath = "";
			projectRoot = "";
			targets = (
				06F910F12C4B0AF000B74FC1 /* HotProspects */,
			);
		};
/* End PBXProject section */

/* Begin PBXResourcesBuildPhase section */
		06F910F02C4B0AF000B74FC1 /* Resources */ = {
			isa = PBXResourcesBuildPhase;
			buildActionMask = 2147483647;
			files = (
				06F910FD2C4B0AF100B74FC1 /* Preview Assets.xcassets in Resources */,
				06F910FA2C4B0AF100B74FC1 /* Assets.xcassets in Resources */,
			);
			runOnlyForDeploymentPostprocessing = 0;
		};
/* End PBXResourcesBuildPhase section */

/* Begin PBXSourcesBuildPhase section */
		06F910EE2C4B0AF000B74FC1 /* Sources */ = {
			isa = PBXSourcesBuildPhase;
			buildActionMask = 2147483647;
			files = (
				06F910F82C4B0AF000B74FC1 /* ContentView.swift in Sources */,
				06F9110D2C4B267B00B74FC1 /* ContextMenuExample.swift in Sources */,
				06F911112C4B288C00B74FC1 /* UserNotifications.swift in Sources */,
				06F9110F2C4B27CF00B74FC1 /* SwipeAction.swift in Sources */,
				06F911072C4B0C9200B74FC1 /* TabViewExample.swift in Sources */,
				06F9110B2C4B103900B74FC1 /* ImageInterpolation.swift in Sources */,
				06F911052C4B0C5700B74FC1 /* ListWithEditButton.swift in Sources */,
				06F910F62C4B0AF000B74FC1 /* HotProspectsApp.swift in Sources */,
				06F911092C4B0E1700B74FC1 /* ResultTypeExample.swift in Sources */,
			);
			runOnlyForDeploymentPostprocessing = 0;
		};
/* End PBXSourcesBuildPhase section */

/* Begin XCBuildConfiguration section */
		06F910FE2C4B0AF100B74FC1 /* Debug */ = {
			isa = XCBuildConfiguration;
			buildSettings = {
				ALWAYS_SEARCH_USER_PATHS = NO;
				ASSETCATALOG_COMPILER_GENERATE_SWIFT_ASSET_SYMBOL_EXTENSIONS = YES;
				CLANG_ANALYZER_NONNULL = YES;
				CLANG_ANALYZER_NUMBER_OBJECT_CONVERSION = YES_AGGRESSIVE;
				CLANG_CXX_LANGUAGE_STANDARD = "gnu++20";
				CLANG_ENABLE_MODULES = YES;
				CLANG_ENABLE_OBJC_ARC = YES;
				CLANG_ENABLE_OBJC_WEAK = YES;
				CLANG_WARN_BLOCK_CAPTURE_AUTORELEASING = YES;
				CLANG_WARN_BOOL_CONVERSION = YES;
				CLANG_WARN_COMMA = YES;
				CLANG_WARN_CONSTANT_CONVERSION = YES;
				CLANG_WARN_DEPRECATED_OBJC_IMPLEMENTATIONS = YES;
				CLANG_WARN_DIRECT_OBJC_ISA_USAGE = YES_ERROR;
				CLANG_WARN_DOCUMENTATION_COMMENTS = YES;
				CLANG_WARN_EMPTY_BODY = YES;
				CLANG_WARN_ENUM_CONVERSION = YES;
				CLANG_WARN_INFINITE_RECURSION = YES;
				CLANG_WARN_INT_CONVERSION = YES;
				CLANG_WARN_NON_LITERAL_NULL_CONVERSION = YES;
				CLANG_WARN_OBJC_IMPLICIT_RETAIN_SELF = YES;
				CLANG_WARN_OBJC_LITERAL_CONVERSION = YES;
				CLANG_WARN_OBJC_ROOT_CLASS = YES_ERROR;
				CLANG_WARN_QUOTED_INCLUDE_IN_FRAMEWORK_HEADER = YES;
				CLANG_WARN_RANGE_LOOP_ANALYSIS = YES;
				CLANG_WARN_STRICT_PROTOTYPES = YES;
				CLANG_WARN_SUSPICIOUS_MOVE = YES;
				CLANG_WARN_UNGUARDED_AVAILABILITY = YES_AGGRESSIVE;
				CLANG_WARN_UNREACHABLE_CODE = YES;
				CLANG_WARN__DUPLICATE_METHOD_MATCH = YES;
				COPY_PHASE_STRIP = NO;
				DEBUG_INFORMATION_FORMAT = dwarf;
				ENABLE_STRICT_OBJC_MSGSEND = YES;
				ENABLE_TESTABILITY = YES;
				ENABLE_USER_SCRIPT_SANDBOXING = YES;
				GCC_C_LANGUAGE_STANDARD = gnu17;
				GCC_DYNAMIC_NO_PIC = NO;
				GCC_NO_COMMON_BLOCKS = YES;
				GCC_OPTIMIZATION_LEVEL = 0;
				GCC_PREPROCESSOR_DEFINITIONS = (
					"DEBUG=1",
					"$(inherited)",
				);
				GCC_WARN_64_TO_32_BIT_CONVERSION = YES;
				GCC_WARN_ABOUT_RETURN_TYPE = YES_ERROR;
				GCC_WARN_UNDECLARED_SELECTOR = YES;
				GCC_WARN_UNINITIALIZED_AUTOS = YES_AGGRESSIVE;
				GCC_WARN_UNUSED_FUNCTION = YES;
				GCC_WARN_UNUSED_VARIABLE = YES;
				IPHONEOS_DEPLOYMENT_TARGET = 17.5;
				LOCALIZATION_PREFERS_STRING_CATALOGS = YES;
				MTL_ENABLE_DEBUG_INFO = INCLUDE_SOURCE;
				MTL_FAST_MATH = YES;
				ONLY_ACTIVE_ARCH = YES;
				SDKROOT = iphoneos;
				SWIFT_ACTIVE_COMPILATION_CONDITIONS = "DEBUG $(inherited)";
				SWIFT_OPTIMIZATION_LEVEL = "-Onone";
			};
			name = Debug;
		};
		06F910FF2C4B0AF100B74FC1 /* Release */ = {
			isa = XCBuildConfiguration;
			buildSettings = {
				ALWAYS_SEARCH_USER_PATHS = NO;
				ASSETCATALOG_COMPILER_GENERATE_SWIFT_ASSET_SYMBOL_EXTENSIONS = YES;
				CLANG_ANALYZER_NONNULL = YES;
				CLANG_ANALYZER_NUMBER_OBJECT_CONVERSION = YES_AGGRESSIVE;
				CLANG_CXX_LANGUAGE_STANDARD = "gnu++20";
				CLANG_ENABLE_MODULES = YES;
				CLANG_ENABLE_OBJC_ARC = YES;
				CLANG_ENABLE_OBJC_WEAK = YES;
				CLANG_WARN_BLOCK_CAPTURE_AUTORELEASING = YES;
				CLANG_WARN_BOOL_CONVERSION = YES;
				CLANG_WARN_COMMA = YES;
				CLANG_WARN_CONSTANT_CONVERSION = YES;
				CLANG_WARN_DEPRECATED_OBJC_IMPLEMENTATIONS = YES;
				CLANG_WARN_DIRECT_OBJC_ISA_USAGE = YES_ERROR;
				CLANG_WARN_DOCUMENTATION_COMMENTS = YES;
				CLANG_WARN_EMPTY_BODY = YES;
				CLANG_WARN_ENUM_CONVERSION = YES;
				CLANG_WARN_INFINITE_RECURSION = YES;
				CLANG_WARN_INT_CONVERSION = YES;
				CLANG_WARN_NON_LITERAL_NULL_CONVERSION = YES;
				CLANG_WARN_OBJC_IMPLICIT_RETAIN_SELF = YES;
				CLANG_WARN_OBJC_LITERAL_CONVERSION = YES;
				CLANG_WARN_OBJC_ROOT_CLASS = YES_ERROR;
				CLANG_WARN_QUOTED_INCLUDE_IN_FRAMEWORK_HEADER = YES;
				CLANG_WARN_RANGE_LOOP_ANALYSIS = YES;
				CLANG_WARN_STRICT_PROTOTYPES = YES;
				CLANG_WARN_SUSPICIOUS_MOVE = YES;
				CLANG_WARN_UNGUARDED_AVAILABILITY = YES_AGGRESSIVE;
				CLANG_WARN_UNREACHABLE_CODE = YES;
				CLANG_WARN__DUPLICATE_METHOD_MATCH = YES;
				COPY_PHASE_STRIP = NO;
				DEBUG_INFORMATION_FORMAT = "dwarf-with-dsym";
				ENABLE_NS_ASSERTIONS = NO;
				ENABLE_STRICT_OBJC_MSGSEND = YES;
				ENABLE_USER_SCRIPT_SANDBOXING = YES;
				GCC_C_LANGUAGE_STANDARD = gnu17;
				GCC_NO_COMMON_BLOCKS = YES;
				GCC_WARN_64_TO_32_BIT_CONVERSION = YES;
				GCC_WARN_ABOUT_RETURN_TYPE = YES_ERROR;
				GCC_WARN_UNDECLARED_SELECTOR = YES;
				GCC_WARN_UNINITIALIZED_AUTOS = YES_AGGRESSIVE;
				GCC_WARN_UNUSED_FUNCTION = YES;
				GCC_WARN_UNUSED_VARIABLE = YES;
				IPHONEOS_DEPLOYMENT_TARGET = 17.5;
				LOCALIZATION_PREFERS_STRING_CATALOGS = YES;
				MTL_ENABLE_DEBUG_INFO = NO;
				MTL_FAST_MATH = YES;
				SDKROOT = iphoneos;
				SWIFT_COMPILATION_MODE = wholemodule;
				VALIDATE_PRODUCT = YES;
			};
			name = Release;
		};
		06F911012C4B0AF100B74FC1 /* Debug */ = {
			isa = XCBuildConfiguration;
			buildSettings = {
				ASSETCATALOG_COMPILER_APPICON_NAME = AppIcon;
				ASSETCATALOG_COMPILER_GLOBAL_ACCENT_COLOR_NAME = AccentColor;
				CODE_SIGN_STYLE = Automatic;
				CURRENT_PROJECT_VERSION = 1;
				DEVELOPMENT_ASSET_PATHS = "\"HotProspects/Preview Content\"";
				DEVELOPMENT_TEAM = 225AXALHQ4;
				ENABLE_PREVIEWS = YES;
				GENERATE_INFOPLIST_FILE = YES;
				INFOPLIST_KEY_UIApplicationSceneManifest_Generation = YES;
				INFOPLIST_KEY_UIApplicationSupportsIndirectInputEvents = YES;
				INFOPLIST_KEY_UILaunchScreen_Generation = YES;
				INFOPLIST_KEY_UISupportedInterfaceOrientations_iPad = "UIInterfaceOrientationPortrait UIInterfaceOrientationPortraitUpsideDown UIInterfaceOrientationLandscapeLeft UIInterfaceOrientationLandscapeRight";
				INFOPLIST_KEY_UISupportedInterfaceOrientations_iPhone = "UIInterfaceOrientationPortrait UIInterfaceOrientationLandscapeLeft UIInterfaceOrientationLandscapeRight";
				LD_RUNPATH_SEARCH_PATHS = (
					"$(inherited)",
					"@executable_path/Frameworks",
				);
				MARKETING_VERSION = 1.0;
				PRODUCT_BUNDLE_IDENTIFIER = com.obg.HotProspects;
				PRODUCT_NAME = "$(TARGET_NAME)";
				SWIFT_EMIT_LOC_STRINGS = YES;
				SWIFT_VERSION = 5.0;
				TARGETED_DEVICE_FAMILY = "1,2";
			};
			name = Debug;
		};
		06F911022C4B0AF100B74FC1 /* Release */ = {
			isa = XCBuildConfiguration;
			buildSettings = {
				ASSETCATALOG_COMPILER_APPICON_NAME = AppIcon;
				ASSETCATALOG_COMPILER_GLOBAL_ACCENT_COLOR_NAME = AccentColor;
				CODE_SIGN_STYLE = Automatic;
				CURRENT_PROJECT_VERSION = 1;
				DEVELOPMENT_ASSET_PATHS = "\"HotProspects/Preview Content\"";
				DEVELOPMENT_TEAM = 225AXALHQ4;
				ENABLE_PREVIEWS = YES;
				GENERATE_INFOPLIST_FILE = YES;
				INFOPLIST_KEY_UIApplicationSceneManifest_Generation = YES;
				INFOPLIST_KEY_UIApplicationSupportsIndirectInputEvents = YES;
				INFOPLIST_KEY_UILaunchScreen_Generation = YES;
				INFOPLIST_KEY_UISupportedInterfaceOrientations_iPad = "UIInterfaceOrientationPortrait UIInterfaceOrientationPortraitUpsideDown UIInterfaceOrientationLandscapeLeft UIInterfaceOrientationLandscapeRight";
				INFOPLIST_KEY_UISupportedInterfaceOrientations_iPhone = "UIInterfaceOrientationPortrait UIInterfaceOrientationLandscapeLeft UIInterfaceOrientationLandscapeRight";
				LD_RUNPATH_SEARCH_PATHS = (
					"$(inherited)",
					"@executable_path/Frameworks",
				);
				MARKETING_VERSION = 1.0;
				PRODUCT_BUNDLE_IDENTIFIER = com.obg.HotProspects;
				PRODUCT_NAME = "$(TARGET_NAME)";
				SWIFT_EMIT_LOC_STRINGS = YES;
				SWIFT_VERSION = 5.0;
				TARGETED_DEVICE_FAMILY = "1,2";
			};
			name = Release;
		};
/* End XCBuildConfiguration section */

/* Begin XCConfigurationList section */
		06F910ED2C4B0AF000B74FC1 /* Build configuration list for PBXProject "HotProspects" */ = {
			isa = XCConfigurationList;
			buildConfigurations = (
				06F910FE2C4B0AF100B74FC1 /* Debug */,
				06F910FF2C4B0AF100B74FC1 /* Release */,
			);
			defaultConfigurationIsVisible = 0;
			defaultConfigurationName = Release;
		};
		06F911002C4B0AF100B74FC1 /* Build configuration list for PBXNativeTarget "HotProspects" */ = {
			isa = XCConfigurationList;
			buildConfigurations = (
				06F911012C4B0AF100B74FC1 /* Debug */,
				06F911022C4B0AF100B74FC1 /* Release */,
			);
			defaultConfigurationIsVisible = 0;
			defaultConfigurationName = Release;
		};
/* End XCConfigurationList section */
	};
	rootObject = 06F910EA2C4B0AF000B74FC1 /* Project object */;
}
