// !$*UTF8*$!
{
	archiveVersion = 1;
	classes = {
	};
	objectVersion = 56;
	objects = {

/* Begin PBXBuildFile section */
		06D3021D2C36A41D00F81B2A /* InstafilterApp.swift in Sources */ = {isa = PBXBuildFile; fileRef = 06D3021C2C36A41D00F81B2A /* InstafilterApp.swift */; };
		06D3021F2C36A41D00F81B2A /* ContentView.swift in Sources */ = {isa = PBXBuildFile; fileRef = 06D3021E2C36A41D00F81B2A /* ContentView.swift */; };
		06D302212C36A41E00F81B2A /* Assets.xcassets in Resources */ = {isa = PBXBuildFile; fileRef = 06D302202C36A41E00F81B2A /* Assets.xcassets */; };
		06D302242C36A41E00F81B2A /* Preview Assets.xcassets in Resources */ = {isa = PBXBuildFile; fileRef = 06D302232C36A41E00F81B2A /* Preview Assets.xcassets */; };
		06D3022C2C36AC4E00F81B2A /* PropertyWrapperStructs.swift in Sources */ = {isa = PBXBuildFile; fileRef = 06D3022B2C36AC4E00F81B2A /* PropertyWrapperStructs.swift */; };
		06D3022E2C36ACE400F81B2A /* ConfirmationDialogView.swift in Sources */ = {isa = PBXBuildFile; fileRef = 06D3022D2C36ACE400F81B2A /* ConfirmationDialogView.swift */; };
		06D302302C36AE5F00F81B2A /* CoreImageSampleView.swift in Sources */ = {isa = PBXBuildFile; fileRef = 06D3022F2C36AE5F00F81B2A /* CoreImageSampleView.swift */; };
		06D302322C36C95100F81B2A /* EmptyStateView.swift in Sources */ = {isa = PBXBuildFile; fileRef = 06D302312C36C95100F81B2A /* EmptyStateView.swift */; };
		06D302342C36D14800F81B2A /* PhotoPickerView.swift in Sources */ = {isa = PBXBuildFile; fileRef = 06D302332C36D14800F81B2A /* PhotoPickerView.swift */; };
		06D780032C37D72A00D4ABA6 /* ShareLinkView.swift in Sources */ = {isa = PBXBuildFile; fileRef = 06D780022C37D72A00D4ABA6 /* ShareLinkView.swift */; };
		06D780052C37D99E00D4ABA6 /* StoreRequestView.swift in Sources */ = {isa = PBXBuildFile; fileRef = 06D780042C37D99E00D4ABA6 /* StoreRequestView.swift */; };
/* End PBXBuildFile section */

/* Begin PBXFileReference section */
		06D302192C36A41D00F81B2A /* Instafilter.app */ = {isa = PBXFileReference; explicitFileType = wrapper.application; includeInIndex = 0; path = Instafilter.app; sourceTree = BUILT_PRODUCTS_DIR; };
		06D3021C2C36A41D00F81B2A /* InstafilterApp.swift */ = {isa = PBXFileReference; lastKnownFileType = sourcecode.swift; path = InstafilterApp.swift; sourceTree = "<group>"; };
		06D3021E2C36A41D00F81B2A /* ContentView.swift */ = {isa = PBXFileReference; lastKnownFileType = sourcecode.swift; path = ContentView.swift; sourceTree = "<group>"; };
		06D302202C36A41E00F81B2A /* Assets.xcassets */ = {isa = PBXFileReference; lastKnownFileType = folder.assetcatalog; path = Assets.xcassets; sourceTree = "<group>"; };
		06D302232C36A41E00F81B2A /* Preview Assets.xcassets */ = {isa = PBXFileReference; lastKnownFileType = folder.assetcatalog; path = "Preview Assets.xcassets"; sourceTree = "<group>"; };
		06D3022B2C36AC4E00F81B2A /* PropertyWrapperStructs.swift */ = {isa = PBXFileReference; lastKnownFileType = sourcecode.swift; path = PropertyWrapperStructs.swift; sourceTree = "<group>"; };
		06D3022D2C36ACE400F81B2A /* ConfirmationDialogView.swift */ = {isa = PBXFileReference; lastKnownFileType = sourcecode.swift; path = ConfirmationDialogView.swift; sourceTree = "<group>"; };
		06D3022F2C36AE5F00F81B2A /* CoreImageSampleView.swift */ = {isa = PBXFileReference; lastKnownFileType = sourcecode.swift; path = CoreImageSampleView.swift; sourceTree = "<group>"; };
		06D302312C36C95100F81B2A /* EmptyStateView.swift */ = {isa = PBXFileReference; lastKnownFileType = sourcecode.swift; path = EmptyStateView.swift; sourceTree = "<group>"; };
		06D302332C36D14800F81B2A /* PhotoPickerView.swift */ = {isa = PBXFileReference; lastKnownFileType = sourcecode.swift; name = PhotoPickerView.swift; path = Instafilter/PhotoPickerView.swift; sourceTree = SOURCE_ROOT; };
		06D780022C37D72A00D4ABA6 /* ShareLinkView.swift */ = {isa = PBXFileReference; lastKnownFileType = sourcecode.swift; path = ShareLinkView.swift; sourceTree = "<group>"; };
		06D780042C37D99E00D4ABA6 /* StoreRequestView.swift */ = {isa = PBXFileReference; lastKnownFileType = sourcecode.swift; path = StoreRequestView.swift; sourceTree = "<group>"; };
/* End PBXFileReference section */

/* Begin PBXFrameworksBuildPhase section */
		06D302162C36A41D00F81B2A /* Frameworks */ = {
			isa = PBXFrameworksBuildPhase;
			buildActionMask = 2147483647;
			files = (
			);
			runOnlyForDeploymentPostprocessing = 0;
		};
/* End PBXFrameworksBuildPhase section */

/* Begin PBXGroup section */
		06D302102C36A41D00F81B2A = {
			isa = PBXGroup;
			children = (
				06D3021B2C36A41D00F81B2A /* Instafilter */,
				06D3021A2C36A41D00F81B2A /* Products */,
			);
			sourceTree = "<group>";
		};
		06D3021A2C36A41D00F81B2A /* Products */ = {
			isa = PBXGroup;
			children = (
				06D302192C36A41D00F81B2A /* Instafilter.app */,
			);
			name = Products;
			sourceTree = "<group>";
		};
		06D3021B2C36A41D00F81B2A /* Instafilter */ = {
			isa = PBXGroup;
			children = (
				06D3022A2C36AC3400F81B2A /* OtherStuffs */,
				06D3021C2C36A41D00F81B2A /* InstafilterApp.swift */,
				06D3021E2C36A41D00F81B2A /* ContentView.swift */,
				06D302202C36A41E00F81B2A /* Assets.xcassets */,
				06D302222C36A41E00F81B2A /* Preview Content */,
			);
			path = Instafilter;
			sourceTree = "<group>";
		};
		06D302222C36A41E00F81B2A /* Preview Content */ = {
			isa = PBXGroup;
			children = (
				06D302232C36A41E00F81B2A /* Preview Assets.xcassets */,
			);
			path = "Preview Content";
			sourceTree = "<group>";
		};
		06D3022A2C36AC3400F81B2A /* OtherStuffs */ = {
			isa = PBXGroup;
			children = (
				06D3022B2C36AC4E00F81B2A /* PropertyWrapperStructs.swift */,
				06D3022D2C36ACE400F81B2A /* ConfirmationDialogView.swift */,
				06D302312C36C95100F81B2A /* EmptyStateView.swift */,
				06D302332C36D14800F81B2A /* PhotoPickerView.swift */,
				06D780022C37D72A00D4ABA6 /* ShareLinkView.swift */,
				06D780042C37D99E00D4ABA6 /* StoreRequestView.swift */,
				06D3022F2C36AE5F00F81B2A /* CoreImageSampleView.swift */,
			);
			path = OtherStuffs;
			sourceTree = "<group>";
		};
/* End PBXGroup section */

/* Begin PBXNativeTarget section */
		06D302182C36A41D00F81B2A /* Instafilter */ = {
			isa = PBXNativeTarget;
			buildConfigurationList = 06D302272C36A41E00F81B2A /* Build configuration list for PBXNativeTarget "Instafilter" */;
			buildPhases = (
				06D302152C36A41D00F81B2A /* Sources */,
				06D302162C36A41D00F81B2A /* Frameworks */,
				06D302172C36A41D00F81B2A /* Resources */,
			);
			buildRules = (
			);
			dependencies = (
			);
			name = Instafilter;
			productName = Instafilter;
			productReference = 06D302192C36A41D00F81B2A /* Instafilter.app */;
			productType = "com.apple.product-type.application";
		};
/* End PBXNativeTarget section */

/* Begin PBXProject section */
		06D302112C36A41D00F81B2A /* Project object */ = {
			isa = PBXProject;
			attributes = {
				BuildIndependentTargetsInParallel = 1;
				LastSwiftUpdateCheck = 1540;
				LastUpgradeCheck = 1540;
				TargetAttributes = {
					06D302182C36A41D00F81B2A = {
						CreatedOnToolsVersion = 15.4;
					};
				};
			};
			buildConfigurationList = 06D302142C36A41D00F81B2A /* Build configuration list for PBXProject "Instafilter" */;
			compatibilityVersion = "Xcode 14.0";
			developmentRegion = en;
			hasScannedForEncodings = 0;
			knownRegions = (
				en,
				Base,
			);
			mainGroup = 06D302102C36A41D00F81B2A;
			productRefGroup = 06D3021A2C36A41D00F81B2A /* Products */;
			projectDirPath = "";
			projectRoot = "";
			targets = (
				06D302182C36A41D00F81B2A /* Instafilter */,
			);
		};
/* End PBXProject section */

/* Begin PBXResourcesBuildPhase section */
		06D302172C36A41D00F81B2A /* Resources */ = {
			isa = PBXResourcesBuildPhase;
			buildActionMask = 2147483647;
			files = (
				06D302242C36A41E00F81B2A /* Preview Assets.xcassets in Resources */,
				06D302212C36A41E00F81B2A /* Assets.xcassets in Resources */,
			);
			runOnlyForDeploymentPostprocessing = 0;
		};
/* End PBXResourcesBuildPhase section */

/* Begin PBXSourcesBuildPhase section */
		06D302152C36A41D00F81B2A /* Sources */ = {
			isa = PBXSourcesBuildPhase;
			buildActionMask = 2147483647;
			files = (
				06D302322C36C95100F81B2A /* EmptyStateView.swift in Sources */,
				06D3021F2C36A41D00F81B2A /* ContentView.swift in Sources */,
				06D780032C37D72A00D4ABA6 /* ShareLinkView.swift in Sources */,
				06D302302C36AE5F00F81B2A /* CoreImageSampleView.swift in Sources */,
				06D3021D2C36A41D00F81B2A /* InstafilterApp.swift in Sources */,
				06D780052C37D99E00D4ABA6 /* StoreRequestView.swift in Sources */,
				06D3022C2C36AC4E00F81B2A /* PropertyWrapperStructs.swift in Sources */,
				06D302342C36D14800F81B2A /* PhotoPickerView.swift in Sources */,
				06D3022E2C36ACE400F81B2A /* ConfirmationDialogView.swift in Sources */,
			);
			runOnlyForDeploymentPostprocessing = 0;
		};
/* End PBXSourcesBuildPhase section */

/* Begin XCBuildConfiguration section */
		06D302252C36A41E00F81B2A /* Debug */ = {
			isa = XCBuildConfiguration;
			buildSettings = {
				ALWAYS_SEARCH_USER_PATHS = NO;
				ASSETCATALOG_COMPILER_GENERATE_SWIFT_ASSET_SYMBOL_EXTENSIONS = YES;
				CLANG_ANALYZER_NONNULL = YES;
				CLANG_ANALYZER_NUMBER_OBJECT_CONVERSION = YES_AGGRESSIVE;
				CLANG_CXX_LANGUAGE_STANDARD = "gnu++20";
				CLANG_ENABLE_MODULES = YES;
				CLANG_ENABLE_OBJC_ARC = YES;
				CLANG_ENABLE_OBJC_WEAK = YES;
				CLANG_WARN_BLOCK_CAPTURE_AUTORELEASING = YES;
				CLANG_WARN_BOOL_CONVERSION = YES;
				CLANG_WARN_COMMA = YES;
				CLANG_WARN_CONSTANT_CONVERSION = YES;
				CLANG_WARN_DEPRECATED_OBJC_IMPLEMENTATIONS = YES;
				CLANG_WARN_DIRECT_OBJC_ISA_USAGE = YES_ERROR;
				CLANG_WARN_DOCUMENTATION_COMMENTS = YES;
				CLANG_WARN_EMPTY_BODY = YES;
				CLANG_WARN_ENUM_CONVERSION = YES;
				CLANG_WARN_INFINITE_RECURSION = YES;
				CLANG_WARN_INT_CONVERSION = YES;
				CLANG_WARN_NON_LITERAL_NULL_CONVERSION = YES;
				CLANG_WARN_OBJC_IMPLICIT_RETAIN_SELF = YES;
				CLANG_WARN_OBJC_LITERAL_CONVERSION = YES;
				CLANG_WARN_OBJC_ROOT_CLASS = YES_ERROR;
				CLANG_WARN_QUOTED_INCLUDE_IN_FRAMEWORK_HEADER = YES;
				CLANG_WARN_RANGE_LOOP_ANALYSIS = YES;
				CLANG_WARN_STRICT_PROTOTYPES = YES;
				CLANG_WARN_SUSPICIOUS_MOVE = YES;
				CLANG_WARN_UNGUARDED_AVAILABILITY = YES_AGGRESSIVE;
				CLANG_WARN_UNREACHABLE_CODE = YES;
				CLANG_WARN__DUPLICATE_METHOD_MATCH = YES;
				COPY_PHASE_STRIP = NO;
				DEBUG_INFORMATION_FORMAT = dwarf;
				ENABLE_STRICT_OBJC_MSGSEND = YES;
				ENABLE_TESTABILITY = YES;
				ENABLE_USER_SCRIPT_SANDBOXING = YES;
				GCC_C_LANGUAGE_STANDARD = gnu17;
				GCC_DYNAMIC_NO_PIC = NO;
				GCC_NO_COMMON_BLOCKS = YES;
				GCC_OPTIMIZATION_LEVEL = 0;
				GCC_PREPROCESSOR_DEFINITIONS = (
					"DEBUG=1",
					"$(inherited)",
				);
				GCC_WARN_64_TO_32_BIT_CONVERSION = YES;
				GCC_WARN_ABOUT_RETURN_TYPE = YES_ERROR;
				GCC_WARN_UNDECLARED_SELECTOR = YES;
				GCC_WARN_UNINITIALIZED_AUTOS = YES_AGGRESSIVE;
				GCC_WARN_UNUSED_FUNCTION = YES;
				GCC_WARN_UNUSED_VARIABLE = YES;
				IPHONEOS_DEPLOYMENT_TARGET = 17.5;
				LOCALIZATION_PREFERS_STRING_CATALOGS = YES;
				MTL_ENABLE_DEBUG_INFO = INCLUDE_SOURCE;
				MTL_FAST_MATH = YES;
				ONLY_ACTIVE_ARCH = YES;
				SDKROOT = iphoneos;
				SWIFT_ACTIVE_COMPILATION_CONDITIONS = "DEBUG $(inherited)";
				SWIFT_OPTIMIZATION_LEVEL = "-Onone";
			};
			name = Debug;
		};
		06D302262C36A41E00F81B2A /* Release */ = {
			isa = XCBuildConfiguration;
			buildSettings = {
				ALWAYS_SEARCH_USER_PATHS = NO;
				ASSETCATALOG_COMPILER_GENERATE_SWIFT_ASSET_SYMBOL_EXTENSIONS = YES;
				CLANG_ANALYZER_NONNULL = YES;
				CLANG_ANALYZER_NUMBER_OBJECT_CONVERSION = YES_AGGRESSIVE;
				CLANG_CXX_LANGUAGE_STANDARD = "gnu++20";
				CLANG_ENABLE_MODULES = YES;
				CLANG_ENABLE_OBJC_ARC = YES;
				CLANG_ENABLE_OBJC_WEAK = YES;
				CLANG_WARN_BLOCK_CAPTURE_AUTORELEASING = YES;
				CLANG_WARN_BOOL_CONVERSION = YES;
				CLANG_WARN_COMMA = YES;
				CLANG_WARN_CONSTANT_CONVERSION = YES;
				CLANG_WARN_DEPRECATED_OBJC_IMPLEMENTATIONS = YES;
				CLANG_WARN_DIRECT_OBJC_ISA_USAGE = YES_ERROR;
				CLANG_WARN_DOCUMENTATION_COMMENTS = YES;
				CLANG_WARN_EMPTY_BODY = YES;
				CLANG_WARN_ENUM_CONVERSION = YES;
				CLANG_WARN_INFINITE_RECURSION = YES;
				CLANG_WARN_INT_CONVERSION = YES;
				CLANG_WARN_NON_LITERAL_NULL_CONVERSION = YES;
				CLANG_WARN_OBJC_IMPLICIT_RETAIN_SELF = YES;
				CLANG_WARN_OBJC_LITERAL_CONVERSION = YES;
				CLANG_WARN_OBJC_ROOT_CLASS = YES_ERROR;
				CLANG_WARN_QUOTED_INCLUDE_IN_FRAMEWORK_HEADER = YES;
				CLANG_WARN_RANGE_LOOP_ANALYSIS = YES;
				CLANG_WARN_STRICT_PROTOTYPES = YES;
				CLANG_WARN_SUSPICIOUS_MOVE = YES;
				CLANG_WARN_UNGUARDED_AVAILABILITY = YES_AGGRESSIVE;
				CLANG_WARN_UNREACHABLE_CODE = YES;
				CLANG_WARN__DUPLICATE_METHOD_MATCH = YES;
				COPY_PHASE_STRIP = NO;
				DEBUG_INFORMATION_FORMAT = "dwarf-with-dsym";
				ENABLE_NS_ASSERTIONS = NO;
				ENABLE_STRICT_OBJC_MSGSEND = YES;
				ENABLE_USER_SCRIPT_SANDBOXING = YES;
				GCC_C_LANGUAGE_STANDARD = gnu17;
				GCC_NO_COMMON_BLOCKS = YES;
				GCC_WARN_64_TO_32_BIT_CONVERSION = YES;
				GCC_WARN_ABOUT_RETURN_TYPE = YES_ERROR;
				GCC_WARN_UNDECLARED_SELECTOR = YES;
				GCC_WARN_UNINITIALIZED_AUTOS = YES_AGGRESSIVE;
				GCC_WARN_UNUSED_FUNCTION = YES;
				GCC_WARN_UNUSED_VARIABLE = YES;
				IPHONEOS_DEPLOYMENT_TARGET = 17.5;
				LOCALIZATION_PREFERS_STRING_CATALOGS = YES;
				MTL_ENABLE_DEBUG_INFO = NO;
				MTL_FAST_MATH = YES;
				SDKROOT = iphoneos;
				SWIFT_COMPILATION_MODE = wholemodule;
				VALIDATE_PRODUCT = YES;
			};
			name = Release;
		};
		06D302282C36A41E00F81B2A /* Debug */ = {
			isa = XCBuildConfiguration;
			buildSettings = {
				ASSETCATALOG_COMPILER_APPICON_NAME = AppIcon;
				ASSETCATALOG_COMPILER_GLOBAL_ACCENT_COLOR_NAME = AccentColor;
				CODE_SIGN_STYLE = Automatic;
				CURRENT_PROJECT_VERSION = 1;
				DEVELOPMENT_ASSET_PATHS = "\"Instafilter/Preview Content\"";
				DEVELOPMENT_TEAM = 225AXALHQ4;
				ENABLE_PREVIEWS = YES;
				GENERATE_INFOPLIST_FILE = YES;
				INFOPLIST_KEY_UIApplicationSceneManifest_Generation = YES;
				INFOPLIST_KEY_UIApplicationSupportsIndirectInputEvents = YES;
				INFOPLIST_KEY_UILaunchScreen_Generation = YES;
				INFOPLIST_KEY_UISupportedInterfaceOrientations_iPad = "UIInterfaceOrientationPortrait UIInterfaceOrientationPortraitUpsideDown UIInterfaceOrientationLandscapeLeft UIInterfaceOrientationLandscapeRight";
				INFOPLIST_KEY_UISupportedInterfaceOrientations_iPhone = "UIInterfaceOrientationPortrait UIInterfaceOrientationLandscapeLeft UIInterfaceOrientationLandscapeRight";
				LD_RUNPATH_SEARCH_PATHS = (
					"$(inherited)",
					"@executable_path/Frameworks",
				);
				MARKETING_VERSION = 1.0;
				PRODUCT_BUNDLE_IDENTIFIER = com.obg.Instafilter;
				PRODUCT_NAME = "$(TARGET_NAME)";
				SWIFT_EMIT_LOC_STRINGS = YES;
				SWIFT_VERSION = 5.0;
				TARGETED_DEVICE_FAMILY = "1,2";
			};
			name = Debug;
		};
		06D302292C36A41E00F81B2A /* Release */ = {
			isa = XCBuildConfiguration;
			buildSettings = {
				ASSETCATALOG_COMPILER_APPICON_NAME = AppIcon;
				ASSETCATALOG_COMPILER_GLOBAL_ACCENT_COLOR_NAME = AccentColor;
				CODE_SIGN_STYLE = Automatic;
				CURRENT_PROJECT_VERSION = 1;
				DEVELOPMENT_ASSET_PATHS = "\"Instafilter/Preview Content\"";
				DEVELOPMENT_TEAM = 225AXALHQ4;
				ENABLE_PREVIEWS = YES;
				GENERATE_INFOPLIST_FILE = YES;
				INFOPLIST_KEY_UIApplicationSceneManifest_Generation = YES;
				INFOPLIST_KEY_UIApplicationSupportsIndirectInputEvents = YES;
				INFOPLIST_KEY_UILaunchScreen_Generation = YES;
				INFOPLIST_KEY_UISupportedInterfaceOrientations_iPad = "UIInterfaceOrientationPortrait UIInterfaceOrientationPortraitUpsideDown UIInterfaceOrientationLandscapeLeft UIInterfaceOrientationLandscapeRight";
				INFOPLIST_KEY_UISupportedInterfaceOrientations_iPhone = "UIInterfaceOrientationPortrait UIInterfaceOrientationLandscapeLeft UIInterfaceOrientationLandscapeRight";
				LD_RUNPATH_SEARCH_PATHS = (
					"$(inherited)",
					"@executable_path/Frameworks",
				);
				MARKETING_VERSION = 1.0;
				PRODUCT_BUNDLE_IDENTIFIER = com.obg.Instafilter;
				PRODUCT_NAME = "$(TARGET_NAME)";
				SWIFT_EMIT_LOC_STRINGS = YES;
				SWIFT_VERSION = 5.0;
				TARGETED_DEVICE_FAMILY = "1,2";
			};
			name = Release;
		};
/* End XCBuildConfiguration section */

/* Begin XCConfigurationList section */
		06D302142C36A41D00F81B2A /* Build configuration list for PBXProject "Instafilter" */ = {
			isa = XCConfigurationList;
			buildConfigurations = (
				06D302252C36A41E00F81B2A /* Debug */,
				06D302262C36A41E00F81B2A /* Release */,
			);
			defaultConfigurationIsVisible = 0;
			defaultConfigurationName = Release;
		};
		06D302272C36A41E00F81B2A /* Build configuration list for PBXNativeTarget "Instafilter" */ = {
			isa = XCConfigurationList;
			buildConfigurations = (
				06D302282C36A41E00F81B2A /* Debug */,
				06D302292C36A41E00F81B2A /* Release */,
			);
			defaultConfigurationIsVisible = 0;
			defaultConfigurationName = Release;
		};
/* End XCConfigurationList section */
	};
	rootObject = 06D302112C36A41D00F81B2A /* Project object */;
}
