// !$*UTF8*$!
{
	archiveVersion = 1;
	classes = {
	};
	objectVersion = 56;
	objects = {

/* Begin PBXBuildFile section */
		06AE0BE42C2E9EFC0004E248 /* MoonshotApp.swift in Sources */ = {isa = PBXBuildFile; fileRef = 06AE0BE32C2E9EFC0004E248 /* MoonshotApp.swift */; };
		06AE0BE62C2E9EFC0004E248 /* ContentView.swift in Sources */ = {isa = PBXBuildFile; fileRef = 06AE0BE52C2E9EFC0004E248 /* ContentView.swift */; };
		06AE0BE82C2E9EFD0004E248 /* Assets.xcassets in Resources */ = {isa = PBXBuildFile; fileRef = 06AE0BE72C2E9EFD0004E248 /* Assets.xcassets */; };
		06AE0BEB2C2E9EFD0004E248 /* Preview Assets.xcassets in Resources */ = {isa = PBXBuildFile; fileRef = 06AE0BEA2C2E9EFD0004E248 /* Preview Assets.xcassets */; };
		06AE0BF32C2EBDDA0004E248 /* missions.json in Resources */ = {isa = PBXBuildFile; fileRef = 06AE0BF12C2EBDDA0004E248 /* missions.json */; };
		06AE0BF42C2EBDDA0004E248 /* astronauts.json in Resources */ = {isa = PBXBuildFile; fileRef = 06AE0BF22C2EBDDA0004E248 /* astronauts.json */; };
		06AE0BF62C2EBE480004E248 /* Astronaut.swift in Sources */ = {isa = PBXBuildFile; fileRef = 06AE0BF52C2EBE480004E248 /* Astronaut.swift */; };
		06AE0BFC2C2EBEDC0004E248 /* Bundle-Decodable.swift in Sources */ = {isa = PBXBuildFile; fileRef = 06AE0BFB2C2EBEDC0004E248 /* Bundle-Decodable.swift */; };
		06AE0BFF2C2EC16A0004E248 /* Mission.swift in Sources */ = {isa = PBXBuildFile; fileRef = 06AE0BFE2C2EC16A0004E248 /* Mission.swift */; };
		06AE0C012C2ECBB70004E248 /* Color-Theme.swift in Sources */ = {isa = PBXBuildFile; fileRef = 06AE0C002C2ECBB70004E248 /* Color-Theme.swift */; };
		06AE0C032C2F027F0004E248 /* MissionView.swift in Sources */ = {isa = PBXBuildFile; fileRef = 06AE0C022C2F027F0004E248 /* MissionView.swift */; };
		06AE0C052C2F0FFF0004E248 /* AstronautView.swift in Sources */ = {isa = PBXBuildFile; fileRef = 06AE0C042C2F0FFF0004E248 /* AstronautView.swift */; };
		06AE0C072C2F131F0004E248 /* RectangelDivider.swift in Sources */ = {isa = PBXBuildFile; fileRef = 06AE0C062C2F131F0004E248 /* RectangelDivider.swift */; };
		06AE0C092C2F13650004E248 /* AstronautScrollView.swift in Sources */ = {isa = PBXBuildFile; fileRef = 06AE0C082C2F13650004E248 /* AstronautScrollView.swift */; };
		06AE0C0B2C2F13AF0004E248 /* CrewMember.swift in Sources */ = {isa = PBXBuildFile; fileRef = 06AE0C0A2C2F13AF0004E248 /* CrewMember.swift */; };
		06AE0C0D2C2F19D10004E248 /* GridMissionView.swift in Sources */ = {isa = PBXBuildFile; fileRef = 06AE0C0C2C2F19D10004E248 /* GridMissionView.swift */; };
		06AE0C0F2C2F1A320004E248 /* ListMissionView.swift in Sources */ = {isa = PBXBuildFile; fileRef = 06AE0C0E2C2F1A320004E248 /* ListMissionView.swift */; };
/* End PBXBuildFile section */

/* Begin PBXFileReference section */
		06AE0BE02C2E9EFC0004E248 /* Moonshot.app */ = {isa = PBXFileReference; explicitFileType = wrapper.application; includeInIndex = 0; path = Moonshot.app; sourceTree = BUILT_PRODUCTS_DIR; };
		06AE0BE32C2E9EFC0004E248 /* MoonshotApp.swift */ = {isa = PBXFileReference; lastKnownFileType = sourcecode.swift; path = MoonshotApp.swift; sourceTree = "<group>"; };
		06AE0BE52C2E9EFC0004E248 /* ContentView.swift */ = {isa = PBXFileReference; lastKnownFileType = sourcecode.swift; path = ContentView.swift; sourceTree = "<group>"; };
		06AE0BE72C2E9EFD0004E248 /* Assets.xcassets */ = {isa = PBXFileReference; lastKnownFileType = folder.assetcatalog; path = Assets.xcassets; sourceTree = "<group>"; };
		06AE0BEA2C2E9EFD0004E248 /* Preview Assets.xcassets */ = {isa = PBXFileReference; lastKnownFileType = folder.assetcatalog; path = "Preview Assets.xcassets"; sourceTree = "<group>"; };
		06AE0BF12C2EBDDA0004E248 /* missions.json */ = {isa = PBXFileReference; fileEncoding = 4; lastKnownFileType = text.json; path = missions.json; sourceTree = "<group>"; };
		06AE0BF22C2EBDDA0004E248 /* astronauts.json */ = {isa = PBXFileReference; fileEncoding = 4; lastKnownFileType = text.json; path = astronauts.json; sourceTree = "<group>"; };
		06AE0BF52C2EBE480004E248 /* Astronaut.swift */ = {isa = PBXFileReference; lastKnownFileType = sourcecode.swift; path = Astronaut.swift; sourceTree = "<group>"; };
		06AE0BFB2C2EBEDC0004E248 /* Bundle-Decodable.swift */ = {isa = PBXFileReference; lastKnownFileType = sourcecode.swift; path = "Bundle-Decodable.swift"; sourceTree = "<group>"; };
		06AE0BFE2C2EC16A0004E248 /* Mission.swift */ = {isa = PBXFileReference; lastKnownFileType = sourcecode.swift; path = Mission.swift; sourceTree = "<group>"; };
		06AE0C002C2ECBB70004E248 /* Color-Theme.swift */ = {isa = PBXFileReference; lastKnownFileType = sourcecode.swift; path = "Color-Theme.swift"; sourceTree = "<group>"; };
		06AE0C022C2F027F0004E248 /* MissionView.swift */ = {isa = PBXFileReference; lastKnownFileType = sourcecode.swift; path = MissionView.swift; sourceTree = "<group>"; };
		06AE0C042C2F0FFF0004E248 /* AstronautView.swift */ = {isa = PBXFileReference; lastKnownFileType = sourcecode.swift; path = AstronautView.swift; sourceTree = "<group>"; };
		06AE0C062C2F131F0004E248 /* RectangelDivider.swift */ = {isa = PBXFileReference; lastKnownFileType = sourcecode.swift; path = RectangelDivider.swift; sourceTree = "<group>"; };
		06AE0C082C2F13650004E248 /* AstronautScrollView.swift */ = {isa = PBXFileReference; lastKnownFileType = sourcecode.swift; path = AstronautScrollView.swift; sourceTree = "<group>"; };
		06AE0C0A2C2F13AF0004E248 /* CrewMember.swift */ = {isa = PBXFileReference; lastKnownFileType = sourcecode.swift; path = CrewMember.swift; sourceTree = "<group>"; };
		06AE0C0C2C2F19D10004E248 /* GridMissionView.swift */ = {isa = PBXFileReference; lastKnownFileType = sourcecode.swift; path = GridMissionView.swift; sourceTree = "<group>"; };
		06AE0C0E2C2F1A320004E248 /* ListMissionView.swift */ = {isa = PBXFileReference; lastKnownFileType = sourcecode.swift; path = ListMissionView.swift; sourceTree = "<group>"; };
/* End PBXFileReference section */

/* Begin PBXFrameworksBuildPhase section */
		06AE0BDD2C2E9EFC0004E248 /* Frameworks */ = {
			isa = PBXFrameworksBuildPhase;
			buildActionMask = 2147483647;
			files = (
			);
			runOnlyForDeploymentPostprocessing = 0;
		};
/* End PBXFrameworksBuildPhase section */

/* Begin PBXGroup section */
		06AE0BD72C2E9EFC0004E248 = {
			isa = PBXGroup;
			children = (
				06AE0BE22C2E9EFC0004E248 /* Moonshot */,
				06AE0BE12C2E9EFC0004E248 /* Products */,
			);
			sourceTree = "<group>";
		};
		06AE0BE12C2E9EFC0004E248 /* Products */ = {
			isa = PBXGroup;
			children = (
				06AE0BE02C2E9EFC0004E248 /* Moonshot.app */,
			);
			name = Products;
			sourceTree = "<group>";
		};
		06AE0BE22C2E9EFC0004E248 /* Moonshot */ = {
			isa = PBXGroup;
			children = (
				06AE0BFD2C2EBEDF0004E248 /* Helpers */,
				06AE0BFA2C2EBEAB0004E248 /* Views */,
				06AE0BF92C2EBE760004E248 /* Resources */,
				06AE0BF72C2EBE670004E248 /* Models */,
				06AE0BE32C2E9EFC0004E248 /* MoonshotApp.swift */,
				06AE0BE92C2E9EFD0004E248 /* Preview Content */,
			);
			path = Moonshot;
			sourceTree = "<group>";
		};
		06AE0BE92C2E9EFD0004E248 /* Preview Content */ = {
			isa = PBXGroup;
			children = (
				06AE0BEA2C2E9EFD0004E248 /* Preview Assets.xcassets */,
			);
			path = "Preview Content";
			sourceTree = "<group>";
		};
		06AE0BF72C2EBE670004E248 /* Models */ = {
			isa = PBXGroup;
			children = (
				06AE0BF52C2EBE480004E248 /* Astronaut.swift */,
				06AE0BFE2C2EC16A0004E248 /* Mission.swift */,
				06AE0C0A2C2F13AF0004E248 /* CrewMember.swift */,
			);
			path = Models;
			sourceTree = "<group>";
		};
		06AE0BF82C2EBE6E0004E248 /* Data */ = {
			isa = PBXGroup;
			children = (
				06AE0BF22C2EBDDA0004E248 /* astronauts.json */,
				06AE0BF12C2EBDDA0004E248 /* missions.json */,
			);
			path = Data;
			sourceTree = "<group>";
		};
		06AE0BF92C2EBE760004E248 /* Resources */ = {
			isa = PBXGroup;
			children = (
				06AE0BE72C2E9EFD0004E248 /* Assets.xcassets */,
				06AE0BF82C2EBE6E0004E248 /* Data */,
			);
			path = Resources;
			sourceTree = "<group>";
		};
		06AE0BFA2C2EBEAB0004E248 /* Views */ = {
			isa = PBXGroup;
			children = (
				06AE0C122C2F1C6D0004E248 /* Astronaut */,
				06AE0C112C2F1C620004E248 /* Mission */,
				06AE0C102C2F1C5A0004E248 /* ContentView */,
			);
			path = Views;
			sourceTree = "<group>";
		};
		06AE0BFD2C2EBEDF0004E248 /* Helpers */ = {
			isa = PBXGroup;
			children = (
				06AE0BFB2C2EBEDC0004E248 /* Bundle-Decodable.swift */,
				06AE0C002C2ECBB70004E248 /* Color-Theme.swift */,
			);
			path = Helpers;
			sourceTree = "<group>";
		};
		06AE0C102C2F1C5A0004E248 /* ContentView */ = {
			isa = PBXGroup;
			children = (
				06AE0C0C2C2F19D10004E248 /* GridMissionView.swift */,
				06AE0C0E2C2F1A320004E248 /* ListMissionView.swift */,
				06AE0BE52C2E9EFC0004E248 /* ContentView.swift */,
			);
			path = ContentView;
			sourceTree = "<group>";
		};
		06AE0C112C2F1C620004E248 /* Mission */ = {
			isa = PBXGroup;
			children = (
				06AE0C022C2F027F0004E248 /* MissionView.swift */,
			);
			path = Mission;
			sourceTree = "<group>";
		};
		06AE0C122C2F1C6D0004E248 /* Astronaut */ = {
			isa = PBXGroup;
			children = (
				06AE0C042C2F0FFF0004E248 /* AstronautView.swift */,
				06AE0C062C2F131F0004E248 /* RectangelDivider.swift */,
				06AE0C082C2F13650004E248 /* AstronautScrollView.swift */,
			);
			path = Astronaut;
			sourceTree = "<group>";
		};
/* End PBXGroup section */

/* Begin PBXNativeTarget section */
		06AE0BDF2C2E9EFC0004E248 /* Moonshot */ = {
			isa = PBXNativeTarget;
			buildConfigurationList = 06AE0BEE2C2E9EFD0004E248 /* Build configuration list for PBXNativeTarget "Moonshot" */;
			buildPhases = (
				06AE0BDC2C2E9EFC0004E248 /* Sources */,
				06AE0BDD2C2E9EFC0004E248 /* Frameworks */,
				06AE0BDE2C2E9EFC0004E248 /* Resources */,
			);
			buildRules = (
			);
			dependencies = (
			);
			name = Moonshot;
			productName = Moonshot;
			productReference = 06AE0BE02C2E9EFC0004E248 /* Moonshot.app */;
			productType = "com.apple.product-type.application";
		};
/* End PBXNativeTarget section */

/* Begin PBXProject section */
		06AE0BD82C2E9EFC0004E248 /* Project object */ = {
			isa = PBXProject;
			attributes = {
				BuildIndependentTargetsInParallel = 1;
				LastSwiftUpdateCheck = 1540;
				LastUpgradeCheck = 1540;
				TargetAttributes = {
					06AE0BDF2C2E9EFC0004E248 = {
						CreatedOnToolsVersion = 15.4;
					};
				};
			};
			buildConfigurationList = 06AE0BDB2C2E9EFC0004E248 /* Build configuration list for PBXProject "Moonshot" */;
			compatibilityVersion = "Xcode 14.0";
			developmentRegion = en;
			hasScannedForEncodings = 0;
			knownRegions = (
				en,
				Base,
			);
			mainGroup = 06AE0BD72C2E9EFC0004E248;
			productRefGroup = 06AE0BE12C2E9EFC0004E248 /* Products */;
			projectDirPath = "";
			projectRoot = "";
			targets = (
				06AE0BDF2C2E9EFC0004E248 /* Moonshot */,
			);
		};
/* End PBXProject section */

/* Begin PBXResourcesBuildPhase section */
		06AE0BDE2C2E9EFC0004E248 /* Resources */ = {
			isa = PBXResourcesBuildPhase;
			buildActionMask = 2147483647;
			files = (
				06AE0BEB2C2E9EFD0004E248 /* Preview Assets.xcassets in Resources */,
				06AE0BF32C2EBDDA0004E248 /* missions.json in Resources */,
				06AE0BE82C2E9EFD0004E248 /* Assets.xcassets in Resources */,
				06AE0BF42C2EBDDA0004E248 /* astronauts.json in Resources */,
			);
			runOnlyForDeploymentPostprocessing = 0;
		};
/* End PBXResourcesBuildPhase section */

/* Begin PBXSourcesBuildPhase section */
		06AE0BDC2C2E9EFC0004E248 /* Sources */ = {
			isa = PBXSourcesBuildPhase;
			buildActionMask = 2147483647;
			files = (
				06AE0C032C2F027F0004E248 /* MissionView.swift in Sources */,
				06AE0BF62C2EBE480004E248 /* Astronaut.swift in Sources */,
				06AE0C052C2F0FFF0004E248 /* AstronautView.swift in Sources */,
				06AE0C072C2F131F0004E248 /* RectangelDivider.swift in Sources */,
				06AE0C012C2ECBB70004E248 /* Color-Theme.swift in Sources */,
				06AE0BE62C2E9EFC0004E248 /* ContentView.swift in Sources */,
				06AE0BE42C2E9EFC0004E248 /* MoonshotApp.swift in Sources */,
				06AE0C092C2F13650004E248 /* AstronautScrollView.swift in Sources */,
				06AE0BFF2C2EC16A0004E248 /* Mission.swift in Sources */,
				06AE0BFC2C2EBEDC0004E248 /* Bundle-Decodable.swift in Sources */,
				06AE0C0B2C2F13AF0004E248 /* CrewMember.swift in Sources */,
				06AE0C0D2C2F19D10004E248 /* GridMissionView.swift in Sources */,
				06AE0C0F2C2F1A320004E248 /* ListMissionView.swift in Sources */,
			);
			runOnlyForDeploymentPostprocessing = 0;
		};
/* End PBXSourcesBuildPhase section */

/* Begin XCBuildConfiguration section */
		06AE0BEC2C2E9EFD0004E248 /* Debug */ = {
			isa = XCBuildConfiguration;
			buildSettings = {
				ALWAYS_SEARCH_USER_PATHS = NO;
				ASSETCATALOG_COMPILER_GENERATE_SWIFT_ASSET_SYMBOL_EXTENSIONS = YES;
				CLANG_ANALYZER_NONNULL = YES;
				CLANG_ANALYZER_NUMBER_OBJECT_CONVERSION = YES_AGGRESSIVE;
				CLANG_CXX_LANGUAGE_STANDARD = "gnu++20";
				CLANG_ENABLE_MODULES = YES;
				CLANG_ENABLE_OBJC_ARC = YES;
				CLANG_ENABLE_OBJC_WEAK = YES;
				CLANG_WARN_BLOCK_CAPTURE_AUTORELEASING = YES;
				CLANG_WARN_BOOL_CONVERSION = YES;
				CLANG_WARN_COMMA = YES;
				CLANG_WARN_CONSTANT_CONVERSION = YES;
				CLANG_WARN_DEPRECATED_OBJC_IMPLEMENTATIONS = YES;
				CLANG_WARN_DIRECT_OBJC_ISA_USAGE = YES_ERROR;
				CLANG_WARN_DOCUMENTATION_COMMENTS = YES;
				CLANG_WARN_EMPTY_BODY = YES;
				CLANG_WARN_ENUM_CONVERSION = YES;
				CLANG_WARN_INFINITE_RECURSION = YES;
				CLANG_WARN_INT_CONVERSION = YES;
				CLANG_WARN_NON_LITERAL_NULL_CONVERSION = YES;
				CLANG_WARN_OBJC_IMPLICIT_RETAIN_SELF = YES;
				CLANG_WARN_OBJC_LITERAL_CONVERSION = YES;
				CLANG_WARN_OBJC_ROOT_CLASS = YES_ERROR;
				CLANG_WARN_QUOTED_INCLUDE_IN_FRAMEWORK_HEADER = YES;
				CLANG_WARN_RANGE_LOOP_ANALYSIS = YES;
				CLANG_WARN_STRICT_PROTOTYPES = YES;
				CLANG_WARN_SUSPICIOUS_MOVE = YES;
				CLANG_WARN_UNGUARDED_AVAILABILITY = YES_AGGRESSIVE;
				CLANG_WARN_UNREACHABLE_CODE = YES;
				CLANG_WARN__DUPLICATE_METHOD_MATCH = YES;
				COPY_PHASE_STRIP = NO;
				DEBUG_INFORMATION_FORMAT = dwarf;
				ENABLE_STRICT_OBJC_MSGSEND = YES;
				ENABLE_TESTABILITY = YES;
				ENABLE_USER_SCRIPT_SANDBOXING = YES;
				GCC_C_LANGUAGE_STANDARD = gnu17;
				GCC_DYNAMIC_NO_PIC = NO;
				GCC_NO_COMMON_BLOCKS = YES;
				GCC_OPTIMIZATION_LEVEL = 0;
				GCC_PREPROCESSOR_DEFINITIONS = (
					"DEBUG=1",
					"$(inherited)",
				);
				GCC_WARN_64_TO_32_BIT_CONVERSION = YES;
				GCC_WARN_ABOUT_RETURN_TYPE = YES_ERROR;
				GCC_WARN_UNDECLARED_SELECTOR = YES;
				GCC_WARN_UNINITIALIZED_AUTOS = YES_AGGRESSIVE;
				GCC_WARN_UNUSED_FUNCTION = YES;
				GCC_WARN_UNUSED_VARIABLE = YES;
				IPHONEOS_DEPLOYMENT_TARGET = 17.5;
				LOCALIZATION_PREFERS_STRING_CATALOGS = YES;
				MTL_ENABLE_DEBUG_INFO = INCLUDE_SOURCE;
				MTL_FAST_MATH = YES;
				ONLY_ACTIVE_ARCH = YES;
				SDKROOT = iphoneos;
				SWIFT_ACTIVE_COMPILATION_CONDITIONS = "DEBUG $(inherited)";
				SWIFT_OPTIMIZATION_LEVEL = "-Onone";
			};
			name = Debug;
		};
		06AE0BED2C2E9EFD0004E248 /* Release */ = {
			isa = XCBuildConfiguration;
			buildSettings = {
				ALWAYS_SEARCH_USER_PATHS = NO;
				ASSETCATALOG_COMPILER_GENERATE_SWIFT_ASSET_SYMBOL_EXTENSIONS = YES;
				CLANG_ANALYZER_NONNULL = YES;
				CLANG_ANALYZER_NUMBER_OBJECT_CONVERSION = YES_AGGRESSIVE;
				CLANG_CXX_LANGUAGE_STANDARD = "gnu++20";
				CLANG_ENABLE_MODULES = YES;
				CLANG_ENABLE_OBJC_ARC = YES;
				CLANG_ENABLE_OBJC_WEAK = YES;
				CLANG_WARN_BLOCK_CAPTURE_AUTORELEASING = YES;
				CLANG_WARN_BOOL_CONVERSION = YES;
				CLANG_WARN_COMMA = YES;
				CLANG_WARN_CONSTANT_CONVERSION = YES;
				CLANG_WARN_DEPRECATED_OBJC_IMPLEMENTATIONS = YES;
				CLANG_WARN_DIRECT_OBJC_ISA_USAGE = YES_ERROR;
				CLANG_WARN_DOCUMENTATION_COMMENTS = YES;
				CLANG_WARN_EMPTY_BODY = YES;
				CLANG_WARN_ENUM_CONVERSION = YES;
				CLANG_WARN_INFINITE_RECURSION = YES;
				CLANG_WARN_INT_CONVERSION = YES;
				CLANG_WARN_NON_LITERAL_NULL_CONVERSION = YES;
				CLANG_WARN_OBJC_IMPLICIT_RETAIN_SELF = YES;
				CLANG_WARN_OBJC_LITERAL_CONVERSION = YES;
				CLANG_WARN_OBJC_ROOT_CLASS = YES_ERROR;
				CLANG_WARN_QUOTED_INCLUDE_IN_FRAMEWORK_HEADER = YES;
				CLANG_WARN_RANGE_LOOP_ANALYSIS = YES;
				CLANG_WARN_STRICT_PROTOTYPES = YES;
				CLANG_WARN_SUSPICIOUS_MOVE = YES;
				CLANG_WARN_UNGUARDED_AVAILABILITY = YES_AGGRESSIVE;
				CLANG_WARN_UNREACHABLE_CODE = YES;
				CLANG_WARN__DUPLICATE_METHOD_MATCH = YES;
				COPY_PHASE_STRIP = NO;
				DEBUG_INFORMATION_FORMAT = "dwarf-with-dsym";
				ENABLE_NS_ASSERTIONS = NO;
				ENABLE_STRICT_OBJC_MSGSEND = YES;
				ENABLE_USER_SCRIPT_SANDBOXING = YES;
				GCC_C_LANGUAGE_STANDARD = gnu17;
				GCC_NO_COMMON_BLOCKS = YES;
				GCC_WARN_64_TO_32_BIT_CONVERSION = YES;
				GCC_WARN_ABOUT_RETURN_TYPE = YES_ERROR;
				GCC_WARN_UNDECLARED_SELECTOR = YES;
				GCC_WARN_UNINITIALIZED_AUTOS = YES_AGGRESSIVE;
				GCC_WARN_UNUSED_FUNCTION = YES;
				GCC_WARN_UNUSED_VARIABLE = YES;
				IPHONEOS_DEPLOYMENT_TARGET = 17.5;
				LOCALIZATION_PREFERS_STRING_CATALOGS = YES;
				MTL_ENABLE_DEBUG_INFO = NO;
				MTL_FAST_MATH = YES;
				SDKROOT = iphoneos;
				SWIFT_COMPILATION_MODE = wholemodule;
				VALIDATE_PRODUCT = YES;
			};
			name = Release;
		};
		06AE0BEF2C2E9EFD0004E248 /* Debug */ = {
			isa = XCBuildConfiguration;
			buildSettings = {
				ASSETCATALOG_COMPILER_APPICON_NAME = AppIcon;
				ASSETCATALOG_COMPILER_GLOBAL_ACCENT_COLOR_NAME = AccentColor;
				CODE_SIGN_STYLE = Automatic;
				CURRENT_PROJECT_VERSION = 1;
				DEVELOPMENT_ASSET_PATHS = "\"Moonshot/Preview Content\"";
				DEVELOPMENT_TEAM = 225AXALHQ4;
				ENABLE_PREVIEWS = YES;
				GENERATE_INFOPLIST_FILE = YES;
				INFOPLIST_KEY_UIApplicationSceneManifest_Generation = YES;
				INFOPLIST_KEY_UIApplicationSupportsIndirectInputEvents = YES;
				INFOPLIST_KEY_UILaunchScreen_Generation = YES;
				INFOPLIST_KEY_UISupportedInterfaceOrientations_iPad = "UIInterfaceOrientationPortrait UIInterfaceOrientationPortraitUpsideDown UIInterfaceOrientationLandscapeLeft UIInterfaceOrientationLandscapeRight";
				INFOPLIST_KEY_UISupportedInterfaceOrientations_iPhone = "UIInterfaceOrientationPortrait UIInterfaceOrientationLandscapeLeft UIInterfaceOrientationLandscapeRight";
				LD_RUNPATH_SEARCH_PATHS = (
					"$(inherited)",
					"@executable_path/Frameworks",
				);
				MARKETING_VERSION = 1.0;
				PRODUCT_BUNDLE_IDENTIFIER = com.obg.Moonshot;
				PRODUCT_NAME = "$(TARGET_NAME)";
				SWIFT_EMIT_LOC_STRINGS = YES;
				SWIFT_VERSION = 5.0;
				TARGETED_DEVICE_FAMILY = "1,2";
			};
			name = Debug;
		};
		06AE0BF02C2E9EFD0004E248 /* Release */ = {
			isa = XCBuildConfiguration;
			buildSettings = {
				ASSETCATALOG_COMPILER_APPICON_NAME = AppIcon;
				ASSETCATALOG_COMPILER_GLOBAL_ACCENT_COLOR_NAME = AccentColor;
				CODE_SIGN_STYLE = Automatic;
				CURRENT_PROJECT_VERSION = 1;
				DEVELOPMENT_ASSET_PATHS = "\"Moonshot/Preview Content\"";
				DEVELOPMENT_TEAM = 225AXALHQ4;
				ENABLE_PREVIEWS = YES;
				GENERATE_INFOPLIST_FILE = YES;
				INFOPLIST_KEY_UIApplicationSceneManifest_Generation = YES;
				INFOPLIST_KEY_UIApplicationSupportsIndirectInputEvents = YES;
				INFOPLIST_KEY_UILaunchScreen_Generation = YES;
				INFOPLIST_KEY_UISupportedInterfaceOrientations_iPad = "UIInterfaceOrientationPortrait UIInterfaceOrientationPortraitUpsideDown UIInterfaceOrientationLandscapeLeft UIInterfaceOrientationLandscapeRight";
				INFOPLIST_KEY_UISupportedInterfaceOrientations_iPhone = "UIInterfaceOrientationPortrait UIInterfaceOrientationLandscapeLeft UIInterfaceOrientationLandscapeRight";
				LD_RUNPATH_SEARCH_PATHS = (
					"$(inherited)",
					"@executable_path/Frameworks",
				);
				MARKETING_VERSION = 1.0;
				PRODUCT_BUNDLE_IDENTIFIER = com.obg.Moonshot;
				PRODUCT_NAME = "$(TARGET_NAME)";
				SWIFT_EMIT_LOC_STRINGS = YES;
				SWIFT_VERSION = 5.0;
				TARGETED_DEVICE_FAMILY = "1,2";
			};
			name = Release;
		};
/* End XCBuildConfiguration section */

/* Begin XCConfigurationList section */
		06AE0BDB2C2E9EFC0004E248 /* Build configuration list for PBXProject "Moonshot" */ = {
			isa = XCConfigurationList;
			buildConfigurations = (
				06AE0BEC2C2E9EFD0004E248 /* Debug */,
				06AE0BED2C2E9EFD0004E248 /* Release */,
			);
			defaultConfigurationIsVisible = 0;
			defaultConfigurationName = Release;
		};
		06AE0BEE2C2E9EFD0004E248 /* Build configuration list for PBXNativeTarget "Moonshot" */ = {
			isa = XCConfigurationList;
			buildConfigurations = (
				06AE0BEF2C2E9EFD0004E248 /* Debug */,
				06AE0BF02C2E9EFD0004E248 /* Release */,
			);
			defaultConfigurationIsVisible = 0;
			defaultConfigurationName = Release;
		};
/* End XCConfigurationList section */
	};
	rootObject = 06AE0BD82C2E9EFC0004E248 /* Project object */;
}
