// !$*UTF8*$!
{
	archiveVersion = 1;
	classes = {
	};
	objectVersion = 56;
	objects = {

/* Begin PBXBuildFile section */
		06F3E5B12C5B8E3900579237 /* LayoutAndGeometryApp.swift in Sources */ = {isa = PBXBuildFile; fileRef = 06F3E5B02C5B8E3900579237 /* LayoutAndGeometryApp.swift */; };
		06F3E5B32C5B8E3900579237 /* ContentView.swift in Sources */ = {isa = PBXBuildFile; fileRef = 06F3E5B22C5B8E3900579237 /* ContentView.swift */; };
		06F3E5B52C5B8E3A00579237 /* Assets.xcassets in Resources */ = {isa = PBXBuildFile; fileRef = 06F3E5B42C5B8E3A00579237 /* Assets.xcassets */; };
		06F3E5B82C5B8E3A00579237 /* Preview Assets.xcassets in Resources */ = {isa = PBXBuildFile; fileRef = 06F3E5B72C5B8E3A00579237 /* Preview Assets.xcassets */; };
		06F3E5C22C5C395000579237 /* CustomAlignment.swift in Sources */ = {isa = PBXBuildFile; fileRef = 06F3E5C12C5C395000579237 /* CustomAlignment.swift */; };
		06F3E5C42C5C3B1200579237 /* AbsolutePositioning.swift in Sources */ = {isa = PBXBuildFile; fileRef = 06F3E5C32C5C3B1200579237 /* AbsolutePositioning.swift */; };
		06F3E5C62C5C3C4700579237 /* ResizingImage.swift in Sources */ = {isa = PBXBuildFile; fileRef = 06F3E5C52C5C3C4700579237 /* ResizingImage.swift */; };
		06F3E5C82C5C3FAB00579237 /* UnderstandingGeometryView.swift in Sources */ = {isa = PBXBuildFile; fileRef = 06F3E5C72C5C3FAB00579237 /* UnderstandingGeometryView.swift */; };
		06F3E5CA2C5C41F700579237 /* ScrollViewGeometry.swift in Sources */ = {isa = PBXBuildFile; fileRef = 06F3E5C92C5C41F700579237 /* ScrollViewGeometry.swift */; };
		06F3E5CC2C5C43ED00579237 /* ScrollGeometry2.swift in Sources */ = {isa = PBXBuildFile; fileRef = 06F3E5CB2C5C43ED00579237 /* ScrollGeometry2.swift */; };
/* End PBXBuildFile section */

/* Begin PBXFileReference section */
		06F3E5AD2C5B8E3900579237 /* LayoutAndGeometry.app */ = {isa = PBXFileReference; explicitFileType = wrapper.application; includeInIndex = 0; path = LayoutAndGeometry.app; sourceTree = BUILT_PRODUCTS_DIR; };
		06F3E5B02C5B8E3900579237 /* LayoutAndGeometryApp.swift */ = {isa = PBXFileReference; lastKnownFileType = sourcecode.swift; path = LayoutAndGeometryApp.swift; sourceTree = "<group>"; };
		06F3E5B22C5B8E3900579237 /* ContentView.swift */ = {isa = PBXFileReference; lastKnownFileType = sourcecode.swift; path = ContentView.swift; sourceTree = "<group>"; };
		06F3E5B42C5B8E3A00579237 /* Assets.xcassets */ = {isa = PBXFileReference; lastKnownFileType = folder.assetcatalog; path = Assets.xcassets; sourceTree = "<group>"; };
		06F3E5B72C5B8E3A00579237 /* Preview Assets.xcassets */ = {isa = PBXFileReference; lastKnownFileType = folder.assetcatalog; path = "Preview Assets.xcassets"; sourceTree = "<group>"; };
		06F3E5C12C5C395000579237 /* CustomAlignment.swift */ = {isa = PBXFileReference; lastKnownFileType = sourcecode.swift; path = CustomAlignment.swift; sourceTree = "<group>"; };
		06F3E5C32C5C3B1200579237 /* AbsolutePositioning.swift */ = {isa = PBXFileReference; lastKnownFileType = sourcecode.swift; path = AbsolutePositioning.swift; sourceTree = "<group>"; };
		06F3E5C52C5C3C4700579237 /* ResizingImage.swift */ = {isa = PBXFileReference; lastKnownFileType = sourcecode.swift; path = ResizingImage.swift; sourceTree = "<group>"; };
		06F3E5C72C5C3FAB00579237 /* UnderstandingGeometryView.swift */ = {isa = PBXFileReference; lastKnownFileType = sourcecode.swift; path = UnderstandingGeometryView.swift; sourceTree = "<group>"; };
		06F3E5C92C5C41F700579237 /* ScrollViewGeometry.swift */ = {isa = PBXFileReference; lastKnownFileType = sourcecode.swift; path = ScrollViewGeometry.swift; sourceTree = "<group>"; };
		06F3E5CB2C5C43ED00579237 /* ScrollGeometry2.swift */ = {isa = PBXFileReference; lastKnownFileType = sourcecode.swift; path = ScrollGeometry2.swift; sourceTree = "<group>"; };
/* End PBXFileReference section */

/* Begin PBXFrameworksBuildPhase section */
		06F3E5AA2C5B8E3900579237 /* Frameworks */ = {
			isa = PBXFrameworksBuildPhase;
			buildActionMask = 2147483647;
			files = (
			);
			runOnlyForDeploymentPostprocessing = 0;
		};
/* End PBXFrameworksBuildPhase section */

/* Begin PBXGroup section */
		06F3E5A42C5B8E3900579237 = {
			isa = PBXGroup;
			children = (
				06F3E5AF2C5B8E3900579237 /* LayoutAndGeometry */,
				06F3E5AE2C5B8E3900579237 /* Products */,
			);
			sourceTree = "<group>";
		};
		06F3E5AE2C5B8E3900579237 /* Products */ = {
			isa = PBXGroup;
			children = (
				06F3E5AD2C5B8E3900579237 /* LayoutAndGeometry.app */,
			);
			name = Products;
			sourceTree = "<group>";
		};
		06F3E5AF2C5B8E3900579237 /* LayoutAndGeometry */ = {
			isa = PBXGroup;
			children = (
				06F3E5C02C5C393B00579237 /* OtherStuffs */,
				06F3E5B02C5B8E3900579237 /* LayoutAndGeometryApp.swift */,
				06F3E5B22C5B8E3900579237 /* ContentView.swift */,
				06F3E5B42C5B8E3A00579237 /* Assets.xcassets */,
				06F3E5B62C5B8E3A00579237 /* Preview Content */,
			);
			path = LayoutAndGeometry;
			sourceTree = "<group>";
		};
		06F3E5B62C5B8E3A00579237 /* Preview Content */ = {
			isa = PBXGroup;
			children = (
				06F3E5B72C5B8E3A00579237 /* Preview Assets.xcassets */,
			);
			path = "Preview Content";
			sourceTree = "<group>";
		};
		06F3E5C02C5C393B00579237 /* OtherStuffs */ = {
			isa = PBXGroup;
			children = (
				06F3E5C12C5C395000579237 /* CustomAlignment.swift */,
				06F3E5C32C5C3B1200579237 /* AbsolutePositioning.swift */,
				06F3E5C52C5C3C4700579237 /* ResizingImage.swift */,
				06F3E5C72C5C3FAB00579237 /* UnderstandingGeometryView.swift */,
				06F3E5C92C5C41F700579237 /* ScrollViewGeometry.swift */,
				06F3E5CB2C5C43ED00579237 /* ScrollGeometry2.swift */,
			);
			path = OtherStuffs;
			sourceTree = "<group>";
		};
/* End PBXGroup section */

/* Begin PBXNativeTarget section */
		06F3E5AC2C5B8E3900579237 /* LayoutAndGeometry */ = {
			isa = PBXNativeTarget;
			buildConfigurationList = 06F3E5BB2C5B8E3A00579237 /* Build configuration list for PBXNativeTarget "LayoutAndGeometry" */;
			buildPhases = (
				06F3E5A92C5B8E3900579237 /* Sources */,
				06F3E5AA2C5B8E3900579237 /* Frameworks */,
				06F3E5AB2C5B8E3900579237 /* Resources */,
			);
			buildRules = (
			);
			dependencies = (
			);
			name = LayoutAndGeometry;
			productName = LayoutAndGeometry;
			productReference = 06F3E5AD2C5B8E3900579237 /* LayoutAndGeometry.app */;
			productType = "com.apple.product-type.application";
		};
/* End PBXNativeTarget section */

/* Begin PBXProject section */
		06F3E5A52C5B8E3900579237 /* Project object */ = {
			isa = PBXProject;
			attributes = {
				BuildIndependentTargetsInParallel = 1;
				LastSwiftUpdateCheck = 1540;
				LastUpgradeCheck = 1540;
				TargetAttributes = {
					06F3E5AC2C5B8E3900579237 = {
						CreatedOnToolsVersion = 15.4;
					};
				};
			};
			buildConfigurationList = 06F3E5A82C5B8E3900579237 /* Build configuration list for PBXProject "LayoutAndGeometry" */;
			compatibilityVersion = "Xcode 14.0";
			developmentRegion = en;
			hasScannedForEncodings = 0;
			knownRegions = (
				en,
				Base,
			);
			mainGroup = 06F3E5A42C5B8E3900579237;
			productRefGroup = 06F3E5AE2C5B8E3900579237 /* Products */;
			projectDirPath = "";
			projectRoot = "";
			targets = (
				06F3E5AC2C5B8E3900579237 /* LayoutAndGeometry */,
			);
		};
/* End PBXProject section */

/* Begin PBXResourcesBuildPhase section */
		06F3E5AB2C5B8E3900579237 /* Resources */ = {
			isa = PBXResourcesBuildPhase;
			buildActionMask = 2147483647;
			files = (
				06F3E5B82C5B8E3A00579237 /* Preview Assets.xcassets in Resources */,
				06F3E5B52C5B8E3A00579237 /* Assets.xcassets in Resources */,
			);
			runOnlyForDeploymentPostprocessing = 0;
		};
/* End PBXResourcesBuildPhase section */

/* Begin PBXSourcesBuildPhase section */
		06F3E5A92C5B8E3900579237 /* Sources */ = {
			isa = PBXSourcesBuildPhase;
			buildActionMask = 2147483647;
			files = (
				06F3E5C62C5C3C4700579237 /* ResizingImage.swift in Sources */,
				06F3E5C82C5C3FAB00579237 /* UnderstandingGeometryView.swift in Sources */,
				06F3E5C22C5C395000579237 /* CustomAlignment.swift in Sources */,
				06F3E5CA2C5C41F700579237 /* ScrollViewGeometry.swift in Sources */,
				06F3E5B32C5B8E3900579237 /* ContentView.swift in Sources */,
				06F3E5CC2C5C43ED00579237 /* ScrollGeometry2.swift in Sources */,
				06F3E5C42C5C3B1200579237 /* AbsolutePositioning.swift in Sources */,
				06F3E5B12C5B8E3900579237 /* LayoutAndGeometryApp.swift in Sources */,
			);
			runOnlyForDeploymentPostprocessing = 0;
		};
/* End PBXSourcesBuildPhase section */

/* Begin XCBuildConfiguration section */
		06F3E5B92C5B8E3A00579237 /* Debug */ = {
			isa = XCBuildConfiguration;
			buildSettings = {
				ALWAYS_SEARCH_USER_PATHS = NO;
				ASSETCATALOG_COMPILER_GENERATE_SWIFT_ASSET_SYMBOL_EXTENSIONS = YES;
				CLANG_ANALYZER_NONNULL = YES;
				CLANG_ANALYZER_NUMBER_OBJECT_CONVERSION = YES_AGGRESSIVE;
				CLANG_CXX_LANGUAGE_STANDARD = "gnu++20";
				CLANG_ENABLE_MODULES = YES;
				CLANG_ENABLE_OBJC_ARC = YES;
				CLANG_ENABLE_OBJC_WEAK = YES;
				CLANG_WARN_BLOCK_CAPTURE_AUTORELEASING = YES;
				CLANG_WARN_BOOL_CONVERSION = YES;
				CLANG_WARN_COMMA = YES;
				CLANG_WARN_CONSTANT_CONVERSION = YES;
				CLANG_WARN_DEPRECATED_OBJC_IMPLEMENTATIONS = YES;
				CLANG_WARN_DIRECT_OBJC_ISA_USAGE = YES_ERROR;
				CLANG_WARN_DOCUMENTATION_COMMENTS = YES;
				CLANG_WARN_EMPTY_BODY = YES;
				CLANG_WARN_ENUM_CONVERSION = YES;
				CLANG_WARN_INFINITE_RECURSION = YES;
				CLANG_WARN_INT_CONVERSION = YES;
				CLANG_WARN_NON_LITERAL_NULL_CONVERSION = YES;
				CLANG_WARN_OBJC_IMPLICIT_RETAIN_SELF = YES;
				CLANG_WARN_OBJC_LITERAL_CONVERSION = YES;
				CLANG_WARN_OBJC_ROOT_CLASS = YES_ERROR;
				CLANG_WARN_QUOTED_INCLUDE_IN_FRAMEWORK_HEADER = YES;
				CLANG_WARN_RANGE_LOOP_ANALYSIS = YES;
				CLANG_WARN_STRICT_PROTOTYPES = YES;
				CLANG_WARN_SUSPICIOUS_MOVE = YES;
				CLANG_WARN_UNGUARDED_AVAILABILITY = YES_AGGRESSIVE;
				CLANG_WARN_UNREACHABLE_CODE = YES;
				CLANG_WARN__DUPLICATE_METHOD_MATCH = YES;
				COPY_PHASE_STRIP = NO;
				DEBUG_INFORMATION_FORMAT = dwarf;
				ENABLE_STRICT_OBJC_MSGSEND = YES;
				ENABLE_TESTABILITY = YES;
				ENABLE_USER_SCRIPT_SANDBOXING = YES;
				GCC_C_LANGUAGE_STANDARD = gnu17;
				GCC_DYNAMIC_NO_PIC = NO;
				GCC_NO_COMMON_BLOCKS = YES;
				GCC_OPTIMIZATION_LEVEL = 0;
				GCC_PREPROCESSOR_DEFINITIONS = (
					"DEBUG=1",
					"$(inherited)",
				);
				GCC_WARN_64_TO_32_BIT_CONVERSION = YES;
				GCC_WARN_ABOUT_RETURN_TYPE = YES_ERROR;
				GCC_WARN_UNDECLARED_SELECTOR = YES;
				GCC_WARN_UNINITIALIZED_AUTOS = YES_AGGRESSIVE;
				GCC_WARN_UNUSED_FUNCTION = YES;
				GCC_WARN_UNUSED_VARIABLE = YES;
				IPHONEOS_DEPLOYMENT_TARGET = 17.5;
				LOCALIZATION_PREFERS_STRING_CATALOGS = YES;
				MTL_ENABLE_DEBUG_INFO = INCLUDE_SOURCE;
				MTL_FAST_MATH = YES;
				ONLY_ACTIVE_ARCH = YES;
				SDKROOT = iphoneos;
				SWIFT_ACTIVE_COMPILATION_CONDITIONS = "DEBUG $(inherited)";
				SWIFT_OPTIMIZATION_LEVEL = "-Onone";
			};
			name = Debug;
		};
		06F3E5BA2C5B8E3A00579237 /* Release */ = {
			isa = XCBuildConfiguration;
			buildSettings = {
				ALWAYS_SEARCH_USER_PATHS = NO;
				ASSETCATALOG_COMPILER_GENERATE_SWIFT_ASSET_SYMBOL_EXTENSIONS = YES;
				CLANG_ANALYZER_NONNULL = YES;
				CLANG_ANALYZER_NUMBER_OBJECT_CONVERSION = YES_AGGRESSIVE;
				CLANG_CXX_LANGUAGE_STANDARD = "gnu++20";
				CLANG_ENABLE_MODULES = YES;
				CLANG_ENABLE_OBJC_ARC = YES;
				CLANG_ENABLE_OBJC_WEAK = YES;
				CLANG_WARN_BLOCK_CAPTURE_AUTORELEASING = YES;
				CLANG_WARN_BOOL_CONVERSION = YES;
				CLANG_WARN_COMMA = YES;
				CLANG_WARN_CONSTANT_CONVERSION = YES;
				CLANG_WARN_DEPRECATED_OBJC_IMPLEMENTATIONS = YES;
				CLANG_WARN_DIRECT_OBJC_ISA_USAGE = YES_ERROR;
				CLANG_WARN_DOCUMENTATION_COMMENTS = YES;
				CLANG_WARN_EMPTY_BODY = YES;
				CLANG_WARN_ENUM_CONVERSION = YES;
				CLANG_WARN_INFINITE_RECURSION = YES;
				CLANG_WARN_INT_CONVERSION = YES;
				CLANG_WARN_NON_LITERAL_NULL_CONVERSION = YES;
				CLANG_WARN_OBJC_IMPLICIT_RETAIN_SELF = YES;
				CLANG_WARN_OBJC_LITERAL_CONVERSION = YES;
				CLANG_WARN_OBJC_ROOT_CLASS = YES_ERROR;
				CLANG_WARN_QUOTED_INCLUDE_IN_FRAMEWORK_HEADER = YES;
				CLANG_WARN_RANGE_LOOP_ANALYSIS = YES;
				CLANG_WARN_STRICT_PROTOTYPES = YES;
				CLANG_WARN_SUSPICIOUS_MOVE = YES;
				CLANG_WARN_UNGUARDED_AVAILABILITY = YES_AGGRESSIVE;
				CLANG_WARN_UNREACHABLE_CODE = YES;
				CLANG_WARN__DUPLICATE_METHOD_MATCH = YES;
				COPY_PHASE_STRIP = NO;
				DEBUG_INFORMATION_FORMAT = "dwarf-with-dsym";
				ENABLE_NS_ASSERTIONS = NO;
				ENABLE_STRICT_OBJC_MSGSEND = YES;
				ENABLE_USER_SCRIPT_SANDBOXING = YES;
				GCC_C_LANGUAGE_STANDARD = gnu17;
				GCC_NO_COMMON_BLOCKS = YES;
				GCC_WARN_64_TO_32_BIT_CONVERSION = YES;
				GCC_WARN_ABOUT_RETURN_TYPE = YES_ERROR;
				GCC_WARN_UNDECLARED_SELECTOR = YES;
				GCC_WARN_UNINITIALIZED_AUTOS = YES_AGGRESSIVE;
				GCC_WARN_UNUSED_FUNCTION = YES;
				GCC_WARN_UNUSED_VARIABLE = YES;
				IPHONEOS_DEPLOYMENT_TARGET = 17.5;
				LOCALIZATION_PREFERS_STRING_CATALOGS = YES;
				MTL_ENABLE_DEBUG_INFO = NO;
				MTL_FAST_MATH = YES;
				SDKROOT = iphoneos;
				SWIFT_COMPILATION_MODE = wholemodule;
				VALIDATE_PRODUCT = YES;
			};
			name = Release;
		};
		06F3E5BC2C5B8E3A00579237 /* Debug */ = {
			isa = XCBuildConfiguration;
			buildSettings = {
				ASSETCATALOG_COMPILER_APPICON_NAME = AppIcon;
				ASSETCATALOG_COMPILER_GLOBAL_ACCENT_COLOR_NAME = AccentColor;
				CODE_SIGN_STYLE = Automatic;
				CURRENT_PROJECT_VERSION = 1;
				DEVELOPMENT_ASSET_PATHS = "\"LayoutAndGeometry/Preview Content\"";
				DEVELOPMENT_TEAM = 225AXALHQ4;
				ENABLE_PREVIEWS = YES;
				GENERATE_INFOPLIST_FILE = YES;
				INFOPLIST_KEY_UIApplicationSceneManifest_Generation = YES;
				INFOPLIST_KEY_UIApplicationSupportsIndirectInputEvents = YES;
				INFOPLIST_KEY_UILaunchScreen_Generation = YES;
				INFOPLIST_KEY_UISupportedInterfaceOrientations_iPad = "UIInterfaceOrientationPortrait UIInterfaceOrientationPortraitUpsideDown UIInterfaceOrientationLandscapeLeft UIInterfaceOrientationLandscapeRight";
				INFOPLIST_KEY_UISupportedInterfaceOrientations_iPhone = "UIInterfaceOrientationPortrait UIInterfaceOrientationLandscapeLeft UIInterfaceOrientationLandscapeRight";
				LD_RUNPATH_SEARCH_PATHS = (
					"$(inherited)",
					"@executable_path/Frameworks",
				);
				MARKETING_VERSION = 1.0;
				PRODUCT_BUNDLE_IDENTIFIER = com.obg.LayoutAndGeometry;
				PRODUCT_NAME = "$(TARGET_NAME)";
				SWIFT_EMIT_LOC_STRINGS = YES;
				SWIFT_VERSION = 5.0;
				TARGETED_DEVICE_FAMILY = "1,2";
			};
			name = Debug;
		};
		06F3E5BD2C5B8E3A00579237 /* Release */ = {
			isa = XCBuildConfiguration;
			buildSettings = {
				ASSETCATALOG_COMPILER_APPICON_NAME = AppIcon;
				ASSETCATALOG_COMPILER_GLOBAL_ACCENT_COLOR_NAME = AccentColor;
				CODE_SIGN_STYLE = Automatic;
				CURRENT_PROJECT_VERSION = 1;
				DEVELOPMENT_ASSET_PATHS = "\"LayoutAndGeometry/Preview Content\"";
				DEVELOPMENT_TEAM = 225AXALHQ4;
				ENABLE_PREVIEWS = YES;
				GENERATE_INFOPLIST_FILE = YES;
				INFOPLIST_KEY_UIApplicationSceneManifest_Generation = YES;
				INFOPLIST_KEY_UIApplicationSupportsIndirectInputEvents = YES;
				INFOPLIST_KEY_UILaunchScreen_Generation = YES;
				INFOPLIST_KEY_UISupportedInterfaceOrientations_iPad = "UIInterfaceOrientationPortrait UIInterfaceOrientationPortraitUpsideDown UIInterfaceOrientationLandscapeLeft UIInterfaceOrientationLandscapeRight";
				INFOPLIST_KEY_UISupportedInterfaceOrientations_iPhone = "UIInterfaceOrientationPortrait UIInterfaceOrientationLandscapeLeft UIInterfaceOrientationLandscapeRight";
				LD_RUNPATH_SEARCH_PATHS = (
					"$(inherited)",
					"@executable_path/Frameworks",
				);
				MARKETING_VERSION = 1.0;
				PRODUCT_BUNDLE_IDENTIFIER = com.obg.LayoutAndGeometry;
				PRODUCT_NAME = "$(TARGET_NAME)";
				SWIFT_EMIT_LOC_STRINGS = YES;
				SWIFT_VERSION = 5.0;
				TARGETED_DEVICE_FAMILY = "1,2";
			};
			name = Release;
		};
/* End XCBuildConfiguration section */

/* Begin XCConfigurationList section */
		06F3E5A82C5B8E3900579237 /* Build configuration list for PBXProject "LayoutAndGeometry" */ = {
			isa = XCConfigurationList;
			buildConfigurations = (
				06F3E5B92C5B8E3A00579237 /* Debug */,
				06F3E5BA2C5B8E3A00579237 /* Release */,
			);
			defaultConfigurationIsVisible = 0;
			defaultConfigurationName = Release;
		};
		06F3E5BB2C5B8E3A00579237 /* Build configuration list for PBXNativeTarget "LayoutAndGeometry" */ = {
			isa = XCConfigurationList;
			buildConfigurations = (
				06F3E5BC2C5B8E3A00579237 /* Debug */,
				06F3E5BD2C5B8E3A00579237 /* Release */,
			);
			defaultConfigurationIsVisible = 0;
			defaultConfigurationName = Release;
		};
/* End XCConfigurationList section */
	};
	rootObject = 06F3E5A52C5B8E3900579237 /* Project object */;
}
